// !$*UTF8*$!
{
	archiveVersion = 1;
	classes = {
	};
	objectVersion = 55;
	objects = {

/* Begin PBXBuildFile section */
		B809EB4B27E8646B00E0F937 /* AppDelegate.swift in Sources */ = {isa = PBXBuildFile; fileRef = B809EB4A27E8646B00E0F937 /* AppDelegate.swift */; };
		B809EB4D27E8646B00E0F937 /* SceneDelegate.swift in Sources */ = {isa = PBXBuildFile; fileRef = B809EB4C27E8646B00E0F937 /* SceneDelegate.swift */; };
		B809EB5427E8647400E0F937 /* Assets.xcassets in Resources */ = {isa = PBXBuildFile; fileRef = B809EB5327E8647400E0F937 /* Assets.xcassets */; };
		B809EB5727E8647400E0F937 /* LaunchScreen.storyboard in Resources */ = {isa = PBXBuildFile; fileRef = B809EB5527E8647400E0F937 /* LaunchScreen.storyboard */; };
		B809EB6027E869FA00E0F937 /* ReSwift in Frameworks */ = {isa = PBXBuildFile; productRef = B809EB5F27E869FA00E0F937 /* ReSwift */; };
		B809EB6A27E86B6A00E0F937 /* Store.swift in Sources */ = {isa = PBXBuildFile; fileRef = B809EB6927E86B6A00E0F937 /* Store.swift */; };
		B809EB6C27E86B7400E0F937 /* AppState.swift in Sources */ = {isa = PBXBuildFile; fileRef = B809EB6B27E86B7400E0F937 /* AppState.swift */; };
		B809EB7027E86DCE00E0F937 /* SideEffects.swift in Sources */ = {isa = PBXBuildFile; fileRef = B809EB6F27E86DCE00E0F937 /* SideEffects.swift */; };
		B809EB7327E86E4000E0F937 /* starting_words.txt in Resources */ = {isa = PBXBuildFile; fileRef = B809EB7227E86E4000E0F937 /* starting_words.txt */; };
		B809EB7527E86E4A00E0F937 /* StartingWordSideEffect.swift in Sources */ = {isa = PBXBuildFile; fileRef = B809EB7427E86E4A00E0F937 /* StartingWordSideEffect.swift */; };
		B809EB7827E86FEC00E0F937 /* WordSelectionState.swift in Sources */ = {isa = PBXBuildFile; fileRef = B809EB7727E86FEC00E0F937 /* WordSelectionState.swift */; };
		B809EB7A27E873E900E0F937 /* SubscriberViewController.swift in Sources */ = {isa = PBXBuildFile; fileRef = B809EB7927E873E900E0F937 /* SubscriberViewController.swift */; };
		B809EB7D27E874A800E0F937 /* GameBoardViewController.swift in Sources */ = {isa = PBXBuildFile; fileRef = B809EB7C27E874A800E0F937 /* GameBoardViewController.swift */; };
		B809EB7F27E874B700E0F937 /* GameBoardViewData.swift in Sources */ = {isa = PBXBuildFile; fileRef = B809EB7E27E874B700E0F937 /* GameBoardViewData.swift */; };
		B809EB8227E8765C00E0F937 /* DictionaryDefinitionSideEffect.swift in Sources */ = {isa = PBXBuildFile; fileRef = B809EB8127E8765C00E0F937 /* DictionaryDefinitionSideEffect.swift */; };
		B809EB8427E876E200E0F937 /* DictionaryClient.swift in Sources */ = {isa = PBXBuildFile; fileRef = B809EB8327E876E200E0F937 /* DictionaryClient.swift */; };
		B809EB8627E87BE300E0F937 /* DictionaryDefinitionState.swift in Sources */ = {isa = PBXBuildFile; fileRef = B809EB8527E87BE300E0F937 /* DictionaryDefinitionState.swift */; };
		B809EB8B27E8973700E0F937 /* SuccessViewController.swift in Sources */ = {isa = PBXBuildFile; fileRef = B809EB8A27E8973700E0F937 /* SuccessViewController.swift */; };
		B809EB8D27E8974200E0F937 /* SuccessViewData.swift in Sources */ = {isa = PBXBuildFile; fileRef = B809EB8C27E8974200E0F937 /* SuccessViewData.swift */; };
		B809EB8F27E8993A00E0F937 /* ViewControllerPresentationSideEffect.swift in Sources */ = {isa = PBXBuildFile; fileRef = B809EB8E27E8993A00E0F937 /* ViewControllerPresentationSideEffect.swift */; };
		B8B47F352812932F00BCC03F /* Experiment.swift in Sources */ = {isa = PBXBuildFile; fileRef = B8B47F342812932F00BCC03F /* Experiment.swift */; };
/* End PBXBuildFile section */

/* Begin PBXFileReference section */
		B809EB4727E8646B00E0F937 /* CodingPreparation.app */ = {isa = PBXFileReference; explicitFileType = wrapper.application; includeInIndex = 0; path = CodingPreparation.app; sourceTree = BUILT_PRODUCTS_DIR; };
		B809EB4A27E8646B00E0F937 /* AppDelegate.swift */ = {isa = PBXFileReference; lastKnownFileType = sourcecode.swift; path = AppDelegate.swift; sourceTree = "<group>"; };
		B809EB4C27E8646B00E0F937 /* SceneDelegate.swift */ = {isa = PBXFileReference; lastKnownFileType = sourcecode.swift; path = SceneDelegate.swift; sourceTree = "<group>"; };
		B809EB5327E8647400E0F937 /* Assets.xcassets */ = {isa = PBXFileReference; lastKnownFileType = folder.assetcatalog; path = Assets.xcassets; sourceTree = "<group>"; };
		B809EB5627E8647400E0F937 /* Base */ = {isa = PBXFileReference; lastKnownFileType = file.storyboard; name = Base; path = Base.lproj/LaunchScreen.storyboard; sourceTree = "<group>"; };
		B809EB5827E8647400E0F937 /* Info.plist */ = {isa = PBXFileReference; lastKnownFileType = text.plist.xml; path = Info.plist; sourceTree = "<group>"; };
		B809EB6927E86B6A00E0F937 /* Store.swift */ = {isa = PBXFileReference; lastKnownFileType = sourcecode.swift; path = Store.swift; sourceTree = "<group>"; };
		B809EB6B27E86B7400E0F937 /* AppState.swift */ = {isa = PBXFileReference; lastKnownFileType = sourcecode.swift; path = AppState.swift; sourceTree = "<group>"; };
		B809EB6F27E86DCE00E0F937 /* SideEffects.swift */ = {isa = PBXFileReference; lastKnownFileType = sourcecode.swift; path = SideEffects.swift; sourceTree = "<group>"; };
		B809EB7227E86E4000E0F937 /* starting_words.txt */ = {isa = PBXFileReference; fileEncoding = 4; lastKnownFileType = text; path = starting_words.txt; sourceTree = "<group>"; };
		B809EB7427E86E4A00E0F937 /* StartingWordSideEffect.swift */ = {isa = PBXFileReference; lastKnownFileType = sourcecode.swift; path = StartingWordSideEffect.swift; sourceTree = "<group>"; };
		B809EB7727E86FEC00E0F937 /* WordSelectionState.swift */ = {isa = PBXFileReference; lastKnownFileType = sourcecode.swift; path = WordSelectionState.swift; sourceTree = "<group>"; };
		B809EB7927E873E900E0F937 /* SubscriberViewController.swift */ = {isa = PBXFileReference; lastKnownFileType = sourcecode.swift; path = SubscriberViewController.swift; sourceTree = "<group>"; };
		B809EB7C27E874A800E0F937 /* GameBoardViewController.swift */ = {isa = PBXFileReference; lastKnownFileType = sourcecode.swift; path = GameBoardViewController.swift; sourceTree = "<group>"; };
		B809EB7E27E874B700E0F937 /* GameBoardViewData.swift */ = {isa = PBXFileReference; lastKnownFileType = sourcecode.swift; path = GameBoardViewData.swift; sourceTree = "<group>"; };
		B809EB8127E8765C00E0F937 /* DictionaryDefinitionSideEffect.swift */ = {isa = PBXFileReference; lastKnownFileType = sourcecode.swift; path = DictionaryDefinitionSideEffect.swift; sourceTree = "<group>"; };
		B809EB8327E876E200E0F937 /* DictionaryClient.swift */ = {isa = PBXFileReference; lastKnownFileType = sourcecode.swift; path = DictionaryClient.swift; sourceTree = "<group>"; };
		B809EB8527E87BE300E0F937 /* DictionaryDefinitionState.swift */ = {isa = PBXFileReference; lastKnownFileType = sourcecode.swift; path = DictionaryDefinitionState.swift; sourceTree = "<group>"; };
		B809EB8A27E8973700E0F937 /* SuccessViewController.swift */ = {isa = PBXFileReference; lastKnownFileType = sourcecode.swift; path = SuccessViewController.swift; sourceTree = "<group>"; };
		B809EB8C27E8974200E0F937 /* SuccessViewData.swift */ = {isa = PBXFileReference; lastKnownFileType = sourcecode.swift; path = SuccessViewData.swift; sourceTree = "<group>"; };
		B809EB8E27E8993A00E0F937 /* ViewControllerPresentationSideEffect.swift */ = {isa = PBXFileReference; lastKnownFileType = sourcecode.swift; path = ViewControllerPresentationSideEffect.swift; sourceTree = "<group>"; };
		B8B47F342812932F00BCC03F /* Experiment.swift */ = {isa = PBXFileReference; fileEncoding = 4; lastKnownFileType = sourcecode.swift; path = Experiment.swift; sourceTree = "<group>"; };
/* End PBXFileReference section */

/* Begin PBXFrameworksBuildPhase section */
		B809EB4427E8646B00E0F937 /* Frameworks */ = {
			isa = PBXFrameworksBuildPhase;
			buildActionMask = 2147483647;
			files = (
				B809EB6027E869FA00E0F937 /* ReSwift in Frameworks */,
			);
			runOnlyForDeploymentPostprocessing = 0;
		};
/* End PBXFrameworksBuildPhase section */

/* Begin PBXGroup section */
		B809EB3E27E8646B00E0F937 = {
			isa = PBXGroup;
			children = (
				B809EB4927E8646B00E0F937 /* CodingPreparation */,
				B809EB4827E8646B00E0F937 /* Products */,
			);
			sourceTree = "<group>";
		};
		B809EB4827E8646B00E0F937 /* Products */ = {
			isa = PBXGroup;
			children = (
				B809EB4727E8646B00E0F937 /* CodingPreparation.app */,
			);
			name = Products;
			sourceTree = "<group>";
		};
		B809EB4927E8646B00E0F937 /* CodingPreparation */ = {
			isa = PBXGroup;
			children = (
				B809EB4A27E8646B00E0F937 /* AppDelegate.swift */,
				B809EB4C27E8646B00E0F937 /* SceneDelegate.swift */,
				B809EB7927E873E900E0F937 /* SubscriberViewController.swift */,
				B809EB8E27E8993A00E0F937 /* ViewControllerPresentationSideEffect.swift */,
				B809EB6227E86A4900E0F937 /* Backend */,
				B809EB6127E86A4000E0F937 /* Frontend */,
				B809EB5327E8647400E0F937 /* Assets.xcassets */,
				B809EB5527E8647400E0F937 /* LaunchScreen.storyboard */,
				B809EB5827E8647400E0F937 /* Info.plist */,
			);
			path = CodingPreparation;
			sourceTree = "<group>";
		};
		B809EB6127E86A4000E0F937 /* Frontend */ = {
			isa = PBXGroup;
			children = (
				B809EB8927E8972600E0F937 /* SuccessViewController */,
				B809EB7B27E8747A00E0F937 /* GameBoardViewController */,
			);
			path = Frontend;
			sourceTree = "<group>";
		};
		B809EB6227E86A4900E0F937 /* Backend */ = {
			isa = PBXGroup;
			children = (
				B8B47F342812932F00BCC03F /* Experiment.swift */,
				B809EB6927E86B6A00E0F937 /* Store.swift */,
				B809EB6F27E86DCE00E0F937 /* SideEffects.swift */,
				B809EB6B27E86B7400E0F937 /* AppState.swift */,
				B809EB8027E8763F00E0F937 /* DictionaryDefinition */,
				B809EB7627E86FDC00E0F937 /* WordSelection */,
				B809EB7127E86E2D00E0F937 /* StartingWord */,
			);
			path = Backend;
			sourceTree = "<group>";
		};
		B809EB7127E86E2D00E0F937 /* StartingWord */ = {
			isa = PBXGroup;
			children = (
				B809EB7227E86E4000E0F937 /* starting_words.txt */,
				B809EB7427E86E4A00E0F937 /* StartingWordSideEffect.swift */,
			);
			path = StartingWord;
			sourceTree = "<group>";
		};
		B809EB7627E86FDC00E0F937 /* WordSelection */ = {
			isa = PBXGroup;
			children = (
				B809EB7727E86FEC00E0F937 /* WordSelectionState.swift */,
			);
			path = WordSelection;
			sourceTree = "<group>";
		};
		B809EB7B27E8747A00E0F937 /* GameBoardViewController */ = {
			isa = PBXGroup;
			children = (
				B809EB7C27E874A800E0F937 /* GameBoardViewController.swift */,
				B809EB7E27E874B700E0F937 /* GameBoardViewData.swift */,
			);
			path = GameBoardViewController;
			sourceTree = "<group>";
		};
		B809EB8027E8763F00E0F937 /* DictionaryDefinition */ = {
			isa = PBXGroup;
			children = (
				B809EB8127E8765C00E0F937 /* DictionaryDefinitionSideEffect.swift */,
				B809EB8527E87BE300E0F937 /* DictionaryDefinitionState.swift */,
				B809EB8327E876E200E0F937 /* DictionaryClient.swift */,
			);
			path = DictionaryDefinition;
			sourceTree = "<group>";
		};
		B809EB8927E8972600E0F937 /* SuccessViewController */ = {
			isa = PBXGroup;
			children = (
				B809EB8A27E8973700E0F937 /* SuccessViewController.swift */,
				B809EB8C27E8974200E0F937 /* SuccessViewData.swift */,
			);
			path = SuccessViewController;
			sourceTree = "<group>";
		};
/* End PBXGroup section */

/* Begin PBXNativeTarget section */
		B809EB4627E8646B00E0F937 /* CodingPreparation */ = {
			isa = PBXNativeTarget;
			buildConfigurationList = B809EB5B27E8647400E0F937 /* Build configuration list for PBXNativeTarget "CodingPreparation" */;
			buildPhases = (
				B809EB4327E8646B00E0F937 /* Sources */,
				B809EB4427E8646B00E0F937 /* Frameworks */,
				B809EB4527E8646B00E0F937 /* Resources */,
			);
			buildRules = (
			);
			dependencies = (
			);
			name = CodingPreparation;
			packageProductDependencies = (
				B809EB5F27E869FA00E0F937 /* ReSwift */,
			);
			productName = CodingPreparation;
			productReference = B809EB4727E8646B00E0F937 /* CodingPreparation.app */;
			productType = "com.apple.product-type.application";
		};
/* End PBXNativeTarget section */

/* Begin PBXProject section */
		B809EB3F27E8646B00E0F937 /* Project object */ = {
			isa = PBXProject;
			attributes = {
				BuildIndependentTargetsInParallel = 1;
				LastSwiftUpdateCheck = 1310;
				LastUpgradeCheck = 1310;
				TargetAttributes = {
					B809EB4627E8646B00E0F937 = {
						CreatedOnToolsVersion = 13.1;
					};
				};
			};
			buildConfigurationList = B809EB4227E8646B00E0F937 /* Build configuration list for PBXProject "CodingPreparation" */;
			compatibilityVersion = "Xcode 13.0";
			developmentRegion = en;
			hasScannedForEncodings = 0;
			knownRegions = (
				en,
				Base,
			);
			mainGroup = B809EB3E27E8646B00E0F937;
			packageReferences = (
				B809EB5E27E869FA00E0F937 /* XCRemoteSwiftPackageReference "ReSwift" */,
			);
			productRefGroup = B809EB4827E8646B00E0F937 /* Products */;
			projectDirPath = "";
			projectRoot = "";
			targets = (
				B809EB4627E8646B00E0F937 /* CodingPreparation */,
			);
		};
/* End PBXProject section */

/* Begin PBXResourcesBuildPhase section */
		B809EB4527E8646B00E0F937 /* Resources */ = {
			isa = PBXResourcesBuildPhase;
			buildActionMask = 2147483647;
			files = (
				B809EB5727E8647400E0F937 /* LaunchScreen.storyboard in Resources */,
				B809EB5427E8647400E0F937 /* Assets.xcassets in Resources */,
				B809EB7327E86E4000E0F937 /* starting_words.txt in Resources */,
			);
			runOnlyForDeploymentPostprocessing = 0;
		};
/* End PBXResourcesBuildPhase section */

/* Begin PBXSourcesBuildPhase section */
		B809EB4327E8646B00E0F937 /* Sources */ = {
			isa = PBXSourcesBuildPhase;
			buildActionMask = 2147483647;
			files = (
				B809EB7A27E873E900E0F937 /* SubscriberViewController.swift in Sources */,
				B809EB6C27E86B7400E0F937 /* AppState.swift in Sources */,
				B809EB8F27E8993A00E0F937 /* ViewControllerPresentationSideEffect.swift in Sources */,
				B809EB8227E8765C00E0F937 /* DictionaryDefinitionSideEffect.swift in Sources */,
				B809EB7F27E874B700E0F937 /* GameBoardViewData.swift in Sources */,
				B809EB7527E86E4A00E0F937 /* StartingWordSideEffect.swift in Sources */,
				B809EB4B27E8646B00E0F937 /* AppDelegate.swift in Sources */,
				B809EB8627E87BE300E0F937 /* DictionaryDefinitionState.swift in Sources */,
				B809EB7027E86DCE00E0F937 /* SideEffects.swift in Sources */,
				B809EB8B27E8973700E0F937 /* SuccessViewController.swift in Sources */,
				B809EB8D27E8974200E0F937 /* SuccessViewData.swift in Sources */,
				B809EB7D27E874A800E0F937 /* GameBoardViewController.swift in Sources */,
				B8B47F352812932F00BCC03F /* Experiment.swift in Sources */,
				B809EB4D27E8646B00E0F937 /* SceneDelegate.swift in Sources */,
				B809EB7827E86FEC00E0F937 /* WordSelectionState.swift in Sources */,
				B809EB8427E876E200E0F937 /* DictionaryClient.swift in Sources */,
				B809EB6A27E86B6A00E0F937 /* Store.swift in Sources */,
			);
			runOnlyForDeploymentPostprocessing = 0;
		};
/* End PBXSourcesBuildPhase section */

/* Begin PBXVariantGroup section */
		B809EB5527E8647400E0F937 /* LaunchScreen.storyboard */ = {
			isa = PBXVariantGroup;
			children = (
				B809EB5627E8647400E0F937 /* Base */,
			);
			name = LaunchScreen.storyboard;
			sourceTree = "<group>";
		};
/* End PBXVariantGroup section */

/* Begin XCBuildConfiguration section */
		B809EB5927E8647400E0F937 /* Debug */ = {
			isa = XCBuildConfiguration;
			buildSettings = {
				ALWAYS_SEARCH_USER_PATHS = NO;
				CLANG_ANALYZER_NONNULL = YES;
				CLANG_ANALYZER_NUMBER_OBJECT_CONVERSION = YES_AGGRESSIVE;
				CLANG_CXX_LANGUAGE_STANDARD = "gnu++17";
				CLANG_CXX_LIBRARY = "libc++";
				CLANG_ENABLE_MODULES = YES;
				CLANG_ENABLE_OBJC_ARC = YES;
				CLANG_ENABLE_OBJC_WEAK = YES;
				CLANG_WARN_BLOCK_CAPTURE_AUTORELEASING = YES;
				CLANG_WARN_BOOL_CONVERSION = YES;
				CLANG_WARN_COMMA = YES;
				CLANG_WARN_CONSTANT_CONVERSION = YES;
				CLANG_WARN_DEPRECATED_OBJC_IMPLEMENTATIONS = YES;
				CLANG_WARN_DIRECT_OBJC_ISA_USAGE = YES_ERROR;
				CLANG_WARN_DOCUMENTATION_COMMENTS = YES;
				CLANG_WARN_EMPTY_BODY = YES;
				CLANG_WARN_ENUM_CONVERSION = YES;
				CLANG_WARN_INFINITE_RECURSION = YES;
				CLANG_WARN_INT_CONVERSION = YES;
				CLANG_WARN_NON_LITERAL_NULL_CONVERSION = YES;
				CLANG_WARN_OBJC_IMPLICIT_RETAIN_SELF = YES;
				CLANG_WARN_OBJC_LITERAL_CONVERSION = YES;
				CLANG_WARN_OBJC_ROOT_CLASS = YES_ERROR;
				CLANG_WARN_QUOTED_INCLUDE_IN_FRAMEWORK_HEADER = YES;
				CLANG_WARN_RANGE_LOOP_ANALYSIS = YES;
				CLANG_WARN_STRICT_PROTOTYPES = YES;
				CLANG_WARN_SUSPICIOUS_MOVE = YES;
				CLANG_WARN_UNGUARDED_AVAILABILITY = YES_AGGRESSIVE;
				CLANG_WARN_UNREACHABLE_CODE = YES;
				CLANG_WARN__DUPLICATE_METHOD_MATCH = YES;
				COPY_PHASE_STRIP = NO;
				DEBUG_INFORMATION_FORMAT = dwarf;
				ENABLE_STRICT_OBJC_MSGSEND = YES;
				ENABLE_TESTABILITY = YES;
				GCC_C_LANGUAGE_STANDARD = gnu11;
				GCC_DYNAMIC_NO_PIC = NO;
				GCC_NO_COMMON_BLOCKS = YES;
				GCC_OPTIMIZATION_LEVEL = 0;
				GCC_PREPROCESSOR_DEFINITIONS = (
					"DEBUG=1",
					"$(inherited)",
				);
				GCC_WARN_64_TO_32_BIT_CONVERSION = YES;
				GCC_WARN_ABOUT_RETURN_TYPE = YES_ERROR;
				GCC_WARN_UNDECLARED_SELECTOR = YES;
				GCC_WARN_UNINITIALIZED_AUTOS = YES_AGGRESSIVE;
				GCC_WARN_UNUSED_FUNCTION = YES;
				GCC_WARN_UNUSED_VARIABLE = YES;
				IPHONEOS_DEPLOYMENT_TARGET = 15.0;
				MTL_ENABLE_DEBUG_INFO = INCLUDE_SOURCE;
				MTL_FAST_MATH = YES;
				ONLY_ACTIVE_ARCH = YES;
				SDKROOT = iphoneos;
				SWIFT_ACTIVE_COMPILATION_CONDITIONS = DEBUG;
				SWIFT_OPTIMIZATION_LEVEL = "-Onone";
			};
			name = Debug;
		};
		B809EB5A27E8647400E0F937 /* Release */ = {
			isa = XCBuildConfiguration;
			buildSettings = {
				ALWAYS_SEARCH_USER_PATHS = NO;
				CLANG_ANALYZER_NONNULL = YES;
				CLANG_ANALYZER_NUMBER_OBJECT_CONVERSION = YES_AGGRESSIVE;
				CLANG_CXX_LANGUAGE_STANDARD = "gnu++17";
				CLANG_CXX_LIBRARY = "libc++";
				CLANG_ENABLE_MODULES = YES;
				CLANG_ENABLE_OBJC_ARC = YES;
				CLANG_ENABLE_OBJC_WEAK = YES;
				CLANG_WARN_BLOCK_CAPTURE_AUTORELEASING = YES;
				CLANG_WARN_BOOL_CONVERSION = YES;
				CLANG_WARN_COMMA = YES;
				CLANG_WARN_CONSTANT_CONVERSION = YES;
				CLANG_WARN_DEPRECATED_OBJC_IMPLEMENTATIONS = YES;
				CLANG_WARN_DIRECT_OBJC_ISA_USAGE = YES_ERROR;
				CLANG_WARN_DOCUMENTATION_COMMENTS = YES;
				CLANG_WARN_EMPTY_BODY = YES;
				CLANG_WARN_ENUM_CONVERSION = YES;
				CLANG_WARN_INFINITE_RECURSION = YES;
				CLANG_WARN_INT_CONVERSION = YES;
				CLANG_WARN_NON_LITERAL_NULL_CONVERSION = YES;
				CLANG_WARN_OBJC_IMPLICIT_RETAIN_SELF = YES;
				CLANG_WARN_OBJC_LITERAL_CONVERSION = YES;
				CLANG_WARN_OBJC_ROOT_CLASS = YES_ERROR;
				CLANG_WARN_QUOTED_INCLUDE_IN_FRAMEWORK_HEADER = YES;
				CLANG_WARN_RANGE_LOOP_ANALYSIS = YES;
				CLANG_WARN_STRICT_PROTOTYPES = YES;
				CLANG_WARN_SUSPICIOUS_MOVE = YES;
				CLANG_WARN_UNGUARDED_AVAILABILITY = YES_AGGRESSIVE;
				CLANG_WARN_UNREACHABLE_CODE = YES;
				CLANG_WARN__DUPLICATE_METHOD_MATCH = YES;
				COPY_PHASE_STRIP = NO;
				DEBUG_INFORMATION_FORMAT = "dwarf-with-dsym";
				ENABLE_NS_ASSERTIONS = NO;
				ENABLE_STRICT_OBJC_MSGSEND = YES;
				GCC_C_LANGUAGE_STANDARD = gnu11;
				GCC_NO_COMMON_BLOCKS = YES;
				GCC_WARN_64_TO_32_BIT_CONVERSION = YES;
				GCC_WARN_ABOUT_RETURN_TYPE = YES_ERROR;
				GCC_WARN_UNDECLARED_SELECTOR = YES;
				GCC_WARN_UNINITIALIZED_AUTOS = YES_AGGRESSIVE;
				GCC_WARN_UNUSED_FUNCTION = YES;
				GCC_WARN_UNUSED_VARIABLE = YES;
				IPHONEOS_DEPLOYMENT_TARGET = 15.0;
				MTL_ENABLE_DEBUG_INFO = NO;
				MTL_FAST_MATH = YES;
				SDKROOT = iphoneos;
				SWIFT_COMPILATION_MODE = wholemodule;
				SWIFT_OPTIMIZATION_LEVEL = "-O";
				VALIDATE_PRODUCT = YES;
			};
			name = Release;
		};
		B809EB5C27E8647400E0F937 /* Debug */ = {
			isa = XCBuildConfiguration;
			buildSettings = {
				ASSETCATALOG_COMPILER_APPICON_NAME = AppIcon;
				ASSETCATALOG_COMPILER_GLOBAL_ACCENT_COLOR_NAME = AccentColor;
				CODE_SIGN_STYLE = Automatic;
				CURRENT_PROJECT_VERSION = 1;
				GENERATE_INFOPLIST_FILE = YES;
				INFOPLIST_FILE = CodingPreparation/Info.plist;
				INFOPLIST_KEY_UIApplicationSupportsIndirectInputEvents = YES;
				INFOPLIST_KEY_UILaunchStoryboardName = LaunchScreen;
				INFOPLIST_KEY_UISupportedInterfaceOrientations_iPad = "UIInterfaceOrientationPortrait UIInterfaceOrientationPortraitUpsideDown UIInterfaceOrientationLandscapeLeft UIInterfaceOrientationLandscapeRight";
				INFOPLIST_KEY_UISupportedInterfaceOrientations_iPhone = "UIInterfaceOrientationPortrait UIInterfaceOrientationLandscapeLeft UIInterfaceOrientationLandscapeRight";
				LD_RUNPATH_SEARCH_PATHS = (
					"$(inherited)",
					"@executable_path/Frameworks",
				);
				MARKETING_VERSION = 1.0;
				PRODUCT_BUNDLE_IDENTIFIER = com.stengo.CodingPreparation;
				PRODUCT_NAME = "$(TARGET_NAME)";
				SWIFT_EMIT_LOC_STRINGS = YES;
				SWIFT_VERSION = 5.0;
				TARGETED_DEVICE_FAMILY = "1,2";
			};
			name = Debug;
		};
		B809EB5D27E8647400E0F937 /* Release */ = {
			isa = XCBuildConfiguration;
			buildSettings = {
				ASSETCATALOG_COMPILER_APPICON_NAME = AppIcon;
				ASSETCATALOG_COMPILER_GLOBAL_ACCENT_COLOR_NAME = AccentColor;
				CODE_SIGN_STYLE = Automatic;
				CURRENT_PROJECT_VERSION = 1;
				GENERATE_INFOPLIST_FILE = YES;
				INFOPLIST_FILE = CodingPreparation/Info.plist;
				INFOPLIST_KEY_UIApplicationSupportsIndirectInputEvents = YES;
				INFOPLIST_KEY_UILaunchStoryboardName = LaunchScreen;
				INFOPLIST_KEY_UISupportedInterfaceOrientations_iPad = "UIInterfaceOrientationPortrait UIInterfaceOrientationPortraitUpsideDown UIInterfaceOrientationLandscapeLeft UIInterfaceOrientationLandscapeRight";
				INFOPLIST_KEY_UISupportedInterfaceOrientations_iPhone = "UIInterfaceOrientationPortrait UIInterfaceOrientationLandscapeLeft UIInterfaceOrientationLandscapeRight";
				LD_RUNPATH_SEARCH_PATHS = (
					"$(inherited)",
					"@executable_path/Frameworks",
				);
				MARKETING_VERSION = 1.0;
				PRODUCT_BUNDLE_IDENTIFIER = com.stengo.CodingPreparation;
				PRODUCT_NAME = "$(TARGET_NAME)";
				SWIFT_EMIT_LOC_STRINGS = YES;
				SWIFT_VERSION = 5.0;
				TARGETED_DEVICE_FAMILY = "1,2";
			};
			name = Release;
		};
/* End XCBuildConfiguration section */

/* Begin XCConfigurationList section */
		B809EB4227E8646B00E0F937 /* Build configuration list for PBXProject "CodingPreparation" */ = {
			isa = XCConfigurationList;
			buildConfigurations = (
				B809EB5927E8647400E0F937 /* Debug */,
				B809EB5A27E8647400E0F937 /* Release */,
			);
			defaultConfigurationIsVisible = 0;
			defaultConfigurationName = Release;
		};
		B809EB5B27E8647400E0F937 /* Build configuration list for PBXNativeTarget "CodingPreparation" */ = {
			isa = XCConfigurationList;
			buildConfigurations = (
				B809EB5C27E8647400E0F937 /* Debug */,
				B809EB5D27E8647400E0F937 /* Release */,
			);
			defaultConfigurationIsVisible = 0;
			defaultConfigurationName = Release;
		};
/* End XCConfigurationList section */

/* Begin XCRemoteSwiftPackageReference section */
		B809EB5E27E869FA00E0F937 /* XCRemoteSwiftPackageReference "ReSwift" */ = {
			isa = XCRemoteSwiftPackageReference;
			repositoryURL = "https://github.com/ReSwift/ReSwift.git";
			requirement = {
				kind = upToNextMajorVersion;
				minimumVersion = 6.0.0;
			};
		};
/* End XCRemoteSwiftPackageReference section */

/* Begin XCSwiftPackageProductDependency section */
		B809EB5F27E869FA00E0F937 /* ReSwift */ = {
			isa = XCSwiftPackageProductDependency;
			package = B809EB5E27E869FA00E0F937 /* XCRemoteSwiftPackageReference "ReSwift" */;
			productName = ReSwift;
		};
/* End XCSwiftPackageProductDependency section */
	};
	rootObject = B809EB3F27E8646B00E0F937 /* Project object */;
}
